
Microsoft Visual Studio Solution File, Format Version 12.00
# Visual Studio Version 17
VisualStudioVersion = 17.13.35913.81
MinimumVisualStudioVersion = 10.0.40219.1
Project("{FAE04EC0-301F-11D3-BF4B-00C04F79EFBC}") = "DAL", "DAL\DAL.csproj", "{D951E4D2-7925-477D-9434-3DFF3BC266AC}"
EndProject
Project("{FAE04EC0-301F-11D3-BF4B-00C04F79EFBC}") = "ASPNetCore", "ASPNetCore\ASPNetCore.csproj", "{65A39896-EDBE-4456-A706-E83F8DEE8ED8}"
EndProject
Project("{FAE04EC0-301F-11D3-BF4B-00C04F79EFBC}") = "BLL", "BLL\BLL.csproj", "{2DC858A8-C4EC-4187-9FFF-78276AA63285}"
EndProject
Global
	GlobalSection(SolutionConfigurationPlatforms) = preSolution
		Debug|Any CPU = Debug|Any CPU
		Release|Any CPU = Release|Any CPU
	EndGlobalSection
	GlobalSection(ProjectConfigurationPlatforms) = postSolution
		{D951E4D2-7925-477D-9434-3DFF3BC266AC}.Debug|Any CPU.ActiveCfg = Debug|Any CPU
		{D951E4D2-7925-477D-9434-3DFF3BC266AC}.Debug|Any CPU.Build.0 = Debug|Any CPU
		{D951E4D2-7925-477D-9434-3DFF3BC266AC}.Release|Any CPU.ActiveCfg = Release|Any CPU
		{D951E4D2-7925-477D-9434-3DFF3BC266AC}.Release|Any CPU.Build.0 = Release|Any CPU
		{65A39896-EDBE-4456-A706-E83F8DEE8ED8}.Debug|Any CPU.ActiveCfg = Debug|Any CPU
		{65A39896-EDBE-4456-A706-E83F8DEE8ED8}.Debug|Any CPU.Build.0 = Debug|Any CPU
		{65A39896-EDBE-4456-A706-E83F8DEE8ED8}.Release|Any CPU.ActiveCfg = Release|Any CPU
		{65A39896-EDBE-4456-A706-E83F8DEE8ED8}.Release|Any CPU.Build.0 = Release|Any CPU
		{2DC858A8-C4EC-4187-9FFF-78276AA63285}.Debug|Any CPU.ActiveCfg = Debug|Any CPU
		{2DC858A8-C4EC-4187-9FFF-78276AA63285}.Debug|Any CPU.Build.0 = Debug|Any CPU
		{2DC858A8-C4EC-4187-9FFF-78276AA63285}.Release|Any CPU.ActiveCfg = Release|Any CPU
		{2DC858A8-C4EC-4187-9FFF-78276AA63285}.Release|Any CPU.Build.0 = Release|Any CPU
	EndGlobalSection
	GlobalSection(SolutionProperties) = preSolution
		HideSolutionNode = FALSE
	EndGlobalSection
	GlobalSection(ExtensibilityGlobals) = postSolution
		SolutionGuid = {36495E65-8962-4956-9A2D-AF263CEF50B3}
	EndGlobalSection
EndGlobal
